
Microsoft Visual Studio Solution File, Format Version 12.00
# Visual Studio Version 17
VisualStudioVersion = 17.11.35312.102
MinimumVisualStudioVersion = 10.0.40219.1
Project("{9A19103F-16F7-4668-BE54-9A1E7A4F7556}") = "WpfUI", "WpfUI\WpfUI.csproj", "{B4C350C9-A2AF-4214-9922-8D4D2D3F473D}"
EndProject
Project("{9A19103F-16F7-4668-BE54-9A1E7A4F7556}") = "Engine", "Engine\Engine.csproj", "{4357F9D9-1FA2-421D-82DB-010936C962AE}"
EndProject
Global
	GlobalSection(SolutionConfigurationPlatforms) = preSolution
		Debug|Any CPU = Debug|Any CPU
		Release|Any CPU = Release|Any CPU
	EndGlobalSection
	GlobalSection(ProjectConfigurationPlatforms) = postSolution
		{B4C350C9-A2AF-4214-9922-8D4D2D3F473D}.Debug|Any CPU.ActiveCfg = Debug|Any CPU
		{B4C350C9-A2AF-4214-9922-8D4D2D3F473D}.Debug|Any CPU.Build.0 = Debug|Any CPU
		{B4C350C9-A2AF-4214-9922-8D4D2D3F473D}.Release|Any CPU.ActiveCfg = Release|Any CPU
		{B4C350C9-A2AF-4214-9922-8D4D2D3F473D}.Release|Any CPU.Build.0 = Release|Any CPU
		{4357F9D9-1FA2-421D-82DB-010936C962AE}.Debug|Any CPU.ActiveCfg = Debug|Any CPU
		{4357F9D9-1FA2-421D-82DB-010936C962AE}.Debug|Any CPU.Build.0 = Debug|Any CPU
		{4357F9D9-1FA2-421D-82DB-010936C962AE}.Release|Any CPU.ActiveCfg = Release|Any CPU
		{4357F9D9-1FA2-421D-82DB-010936C962AE}.Release|Any CPU.Build.0 = Release|Any CPU
	EndGlobalSection
	GlobalSection(SolutionProperties) = preSolution
		HideSolutionNode = FALSE
	EndGlobalSection
	GlobalSection(ExtensibilityGlobals) = postSolution
		VisualSVNWorkingCopyRoot = .
		SolutionGuid = {FAB6DECD-0456-4E2E-A295-55B35DAA381E}
	EndGlobalSection
EndGlobal
